
Microsoft Visual Studio Solution File, Format Version 11.00
# Visual Studio 2010
Project("{FAE04EC0-301F-11D3-BF4B-00C04F79EFBC}") = "Rachmaninov", "Assembly-CSharp.csproj", "{F57E3617-2096-D1DD-7750-91A1F280CE7D}"
EndProject
Project("{FAE04EC0-301F-11D3-BF4B-00C04F79EFBC}") = "Rachmaninov", "Assembly-CSharp-Editor.csproj", "{FA03EA69-AFF0-A010-D2FF-C34E610F9219}"
EndProject
Global
	GlobalSection(SolutionConfigurationPlatforms) = preSolution
		Debug|Any CPU = Debug|Any CPU
		Release|Any CPU = Release|Any CPU
	EndGlobalSection
	GlobalSection(ProjectConfigurationPlatforms) = postSolution
		{F57E3617-2096-D1DD-7750-91A1F280CE7D}.Debug|Any CPU.ActiveCfg = Debug|Any CPU
		{F57E3617-2096-D1DD-7750-91A1F280CE7D}.Debug|Any CPU.Build.0 = Debug|Any CPU
		{F57E3617-2096-D1DD-7750-91A1F280CE7D}.Release|Any CPU.ActiveCfg = Release|Any CPU
		{F57E3617-2096-D1DD-7750-91A1F280CE7D}.Release|Any CPU.Build.0 = Release|Any CPU
		{FA03EA69-AFF0-A010-D2FF-C34E610F9219}.Debug|Any CPU.ActiveCfg = Debug|Any CPU
		{FA03EA69-AFF0-A010-D2FF-C34E610F9219}.Debug|Any CPU.Build.0 = Debug|Any CPU
		{FA03EA69-AFF0-A010-D2FF-C34E610F9219}.Release|Any CPU.ActiveCfg = Release|Any CPU
		{FA03EA69-AFF0-A010-D2FF-C34E610F9219}.Release|Any CPU.Build.0 = Release|Any CPU
	EndGlobalSection
	GlobalSection(SolutionProperties) = preSolution
		HideSolutionNode = FALSE
	EndGlobalSection
	GlobalSection(MonoDevelopProperties) = preSolution
		StartupItem = Assembly-CSharp.csproj
	EndGlobalSection
EndGlobal
